
Microsoft Visual Studio Solution File, Format Version 12.00
# Visual Studio 15
VisualStudioVersion = 15.0.28307.168
MinimumVisualStudioVersion = 10.0.40219.1
Project("{FAE04EC0-301F-11D3-BF4B-00C04F79EFBC}") = "MEV_Paint_Vjezba", "MEV_Paint_Vjezba\MEV_Paint_Vjezba.csproj", "{40CFBECA-712D-41F6-BD1B-15722826FA37}"
EndProject
Global
	GlobalSection(SolutionConfigurationPlatforms) = preSolution
		Debug|Any CPU = Debug|Any CPU
		Release|Any CPU = Release|Any CPU
	EndGlobalSection
	GlobalSection(ProjectConfigurationPlatforms) = postSolution
		{40CFBECA-712D-41F6-BD1B-15722826FA37}.Debug|Any CPU.ActiveCfg = Debug|Any CPU
		{40CFBECA-712D-41F6-BD1B-15722826FA37}.Debug|Any CPU.Build.0 = Debug|Any CPU
		{40CFBECA-712D-41F6-BD1B-15722826FA37}.Release|Any CPU.ActiveCfg = Release|Any CPU
		{40CFBECA-712D-41F6-BD1B-15722826FA37}.Release|Any CPU.Build.0 = Release|Any CPU
	EndGlobalSection
	GlobalSection(SolutionProperties) = preSolution
		HideSolutionNode = FALSE
	EndGlobalSection
	GlobalSection(ExtensibilityGlobals) = postSolution
		SolutionGuid = {29580670-0E88-4DDC-903D-99D20C4EB1FC}
	EndGlobalSection
EndGlobal
